<?xml version="1.0" encoding="utf-8"?>
<Project ToolsVersion="4.0" xmlns="http://schemas.microsoft.com/developer/msbuild/2003">
  <ItemGroup>
    <ClCompile Include="ConsoleWindow.cpp">
      <Filter>Source Files</Filter>
    </ClCompile>
    <ClCompile Include="EuclidDemo.cpp">
      <Filter>Source Files</Filter>
    </ClCompile>
    <ClCompile Include="EuclidDemoSettings.cpp">
      <Filter>Source Files</Filter>
    </ClCompile>
  </ItemGroup>
  <ItemGroup>
    <ClInclude Include="palette.h">
      <Filter>Header Files</Filter>
    </ClInclude>
    <ClInclude Include="resource.h">
      <Filter>Header Files</Filter>
    </ClInclude>
    <ClInclude Include="..\..\..\..\EuclidsOrchard\EuclidsOrchard\Euclid.h">
      <Filter>Header Files</Filter>
    </ClInclude>
    <ClInclude Include="circular_buffer.h">
      <Filter>Header Files</Filter>
    </ClInclude>
    <ClInclude Include="ConsoleWindow.h">
      <Filter>Source Files</Filter>
    </ClInclude>
    <ClInclude Include="EuclidDemo.h">
      <Filter>Header Files</Filter>
    </ClInclude>
    <ClInclude Include="rgbhsl.h">
      <Filter>Source Files</Filter>
    </ClInclude>
  </ItemGroup>
  <ItemGroup>
    <Image Include="icon1.ico">
      <Filter>Resource Files</Filter>
    </Image>
    <Image Include="12tone.ico">
      <Filter>Resource Files</Filter>
    </Image>
    <Image Include="euclid.png">
      <Filter>Resource Files</Filter>
    </Image>
  </ItemGroup>
  <ItemGroup>
    <Filter Include="Header Files">
      <UniqueIdentifier>{01ad99cc-e13f-4861-b3c0-f01c082fcf2e}</UniqueIdentifier>
    </Filter>
    <Filter Include="Source Files">
      <UniqueIdentifier>{a731ccc8-8362-4eac-bd10-fdb685ffca18}</UniqueIdentifier>
    </Filter>
    <Filter Include="Resource Files">
      <UniqueIdentifier>{a8ec1c37-7493-40de-bc77-36dee1f50759}</UniqueIdentifier>
    </Filter>
  </ItemGroup>
  <ItemGroup>
    <ResourceCompile Include="Euclid.rc">
      <Filter>Resource Files</Filter>
    </ResourceCompile>
  </ItemGroup>
</Project>